
Microsoft Visual Studio Solution File, Format Version 11.00
# Visual Studio 2010
Project("{2150E333-8FDC-42A3-9474-1A3956D46DE8}") = "Tests", "Tests", "{7CE25F74-8939-4A9C-87EE-889F4CDA35FC}"
EndProject
Project("{FAE04EC0-301F-11D3-BF4B-00C04F79EFBC}") = "FhemDotNet.UI.Specs", "tests\FhemDotNet.UI.specs\FhemDotNet.UI.Specs.csproj", "{BB2CF6FF-3452-4D3F-9BE1-2F90E13EC39F}"
EndProject
Project("{FAE04EC0-301F-11D3-BF4B-00C04F79EFBC}") = "FhemDotNet.Host.Tests", "tests\FhemDotNet.UI.Tests\FhemDotNet.Host.Tests.csproj", "{C36AB570-513E-4A55-95EE-EB2CF3167AA3}"
EndProject
Project("{FAE04EC0-301F-11D3-BF4B-00C04F79EFBC}") = "FhemDotNet.Domain", "src\FhemDotNet.Domain\FhemDotNet.Domain.csproj", "{596FC671-C650-461E-BB31-AC22D5C34FF4}"
EndProject
Project("{FAE04EC0-301F-11D3-BF4B-00C04F79EFBC}") = "FhemDotNet.Repository.Tests", "tests\FhemDotNet.Repository.Tests\FhemDotNet.Repository.Tests.csproj", "{F5E5FEBC-4DC6-4289-BCBC-1A7D67151CDD}"
EndProject
Project("{FAE04EC0-301F-11D3-BF4B-00C04F79EFBC}") = "FhemDotNet.Repository", "src\FhemDotNet.Repository\FhemDotNet.Repository.csproj", "{EBD98958-5607-4D16-B828-732FC5D545C8}"
EndProject
Project("{FAE04EC0-301F-11D3-BF4B-00C04F79EFBC}") = "FhemDotNet.Crosscutting", "src\FhemDotNet.CrossCutting\FhemDotNet.Crosscutting.csproj", "{4B76FC04-C981-4FA2-9B06-42B0B85E55A7}"
EndProject
Project("{FAE04EC0-301F-11D3-BF4B-00C04F79EFBC}") = "FhemDotNet.Crosscutting.Tests", "tests\FhemDotNet.Crosscutting.Tests\FhemDotNet.Crosscutting.Tests.csproj", "{CB19882D-323A-420C-A683-0AF19755D957}"
EndProject
Project("{FAE04EC0-301F-11D3-BF4B-00C04F79EFBC}") = "FhemDotNet.Domain.Tests", "tests\FhemDotNet.Domain.Tests\FhemDotNet.Domain.Tests.csproj", "{663992B0-948A-4B8F-81D6-A6D3DD0D054F}"
EndProject
Project("{2150E333-8FDC-42A3-9474-1A3956D46DE8}") = "Scripts", "Scripts", "{E84B9649-6C13-4DC1-A0A6-855DEBD24B53}"
	ProjectSection(SolutionItems) = preProject
		build.bat = build.bat
		FhemDotNet.build = FhemDotNet.build
		FhemDotNet.FxCop = FhemDotNet.FxCop
		FhemDotNet.PartCover.xml = FhemDotNet.PartCover.xml
		FhemDotNet.PartCoverBrowser.xml = FhemDotNet.PartCoverBrowser.xml
	EndProjectSection
EndProject
Project("{FAE04EC0-301F-11D3-BF4B-00C04F79EFBC}") = "FhemDotNet.Host", "src\FhemDotNet.Host\FhemDotNet.Host.csproj", "{43909AD0-8D16-47DA-AB83-9D9871FF3492}"
EndProject
Project("{2150E333-8FDC-42A3-9474-1A3956D46DE8}") = ".nuget", ".nuget", "{E79950C9-4477-464A-90A1-32CC69C3AA76}"
	ProjectSection(SolutionItems) = preProject
		.nuget\NuGet.Config = .nuget\NuGet.Config
		.nuget\NuGet.exe = .nuget\NuGet.exe
		.nuget\NuGet.targets = .nuget\NuGet.targets
	EndProjectSection
EndProject
Global
	GlobalSection(SolutionConfigurationPlatforms) = preSolution
		Automated|Any CPU = Automated|Any CPU
		Automated|Mixed Platforms = Automated|Mixed Platforms
		Automated|x86 = Automated|x86
		Debug|Any CPU = Debug|Any CPU
		Debug|Mixed Platforms = Debug|Mixed Platforms
		Debug|x86 = Debug|x86
		Release|Any CPU = Release|Any CPU
		Release|Mixed Platforms = Release|Mixed Platforms
		Release|x86 = Release|x86
	EndGlobalSection
	GlobalSection(ProjectConfigurationPlatforms) = postSolution
		{BB2CF6FF-3452-4D3F-9BE1-2F90E13EC39F}.Automated|Any CPU.ActiveCfg = Debug|Any CPU
		{BB2CF6FF-3452-4D3F-9BE1-2F90E13EC39F}.Automated|Any CPU.Build.0 = Debug|Any CPU
		{BB2CF6FF-3452-4D3F-9BE1-2F90E13EC39F}.Automated|Mixed Platforms.ActiveCfg = Release|Any CPU
		{BB2CF6FF-3452-4D3F-9BE1-2F90E13EC39F}.Automated|Mixed Platforms.Build.0 = Release|Any CPU
		{BB2CF6FF-3452-4D3F-9BE1-2F90E13EC39F}.Automated|x86.ActiveCfg = Release|Any CPU
		{BB2CF6FF-3452-4D3F-9BE1-2F90E13EC39F}.Debug|Any CPU.ActiveCfg = Debug|Any CPU
		{BB2CF6FF-3452-4D3F-9BE1-2F90E13EC39F}.Debug|Any CPU.Build.0 = Debug|Any CPU
		{BB2CF6FF-3452-4D3F-9BE1-2F90E13EC39F}.Debug|Mixed Platforms.ActiveCfg = Debug|Any CPU
		{BB2CF6FF-3452-4D3F-9BE1-2F90E13EC39F}.Debug|Mixed Platforms.Build.0 = Debug|Any CPU
		{BB2CF6FF-3452-4D3F-9BE1-2F90E13EC39F}.Debug|x86.ActiveCfg = Debug|Any CPU
		{BB2CF6FF-3452-4D3F-9BE1-2F90E13EC39F}.Release|Any CPU.ActiveCfg = Release|Any CPU
		{BB2CF6FF-3452-4D3F-9BE1-2F90E13EC39F}.Release|Any CPU.Build.0 = Release|Any CPU
		{BB2CF6FF-3452-4D3F-9BE1-2F90E13EC39F}.Release|Mixed Platforms.ActiveCfg = Release|Any CPU
		{BB2CF6FF-3452-4D3F-9BE1-2F90E13EC39F}.Release|Mixed Platforms.Build.0 = Release|Any CPU
		{BB2CF6FF-3452-4D3F-9BE1-2F90E13EC39F}.Release|x86.ActiveCfg = Release|Any CPU
		{C36AB570-513E-4A55-95EE-EB2CF3167AA3}.Automated|Any CPU.ActiveCfg = Debug|Any CPU
		{C36AB570-513E-4A55-95EE-EB2CF3167AA3}.Automated|Any CPU.Build.0 = Debug|Any CPU
		{C36AB570-513E-4A55-95EE-EB2CF3167AA3}.Automated|Mixed Platforms.ActiveCfg = Release|Any CPU
		{C36AB570-513E-4A55-95EE-EB2CF3167AA3}.Automated|Mixed Platforms.Build.0 = Release|Any CPU
		{C36AB570-513E-4A55-95EE-EB2CF3167AA3}.Automated|x86.ActiveCfg = Release|Any CPU
		{C36AB570-513E-4A55-95EE-EB2CF3167AA3}.Debug|Any CPU.ActiveCfg = Debug|Any CPU
		{C36AB570-513E-4A55-95EE-EB2CF3167AA3}.Debug|Any CPU.Build.0 = Debug|Any CPU
		{C36AB570-513E-4A55-95EE-EB2CF3167AA3}.Debug|Mixed Platforms.ActiveCfg = Debug|Any CPU
		{C36AB570-513E-4A55-95EE-EB2CF3167AA3}.Debug|Mixed Platforms.Build.0 = Debug|Any CPU
		{C36AB570-513E-4A55-95EE-EB2CF3167AA3}.Debug|x86.ActiveCfg = Debug|Any CPU
		{C36AB570-513E-4A55-95EE-EB2CF3167AA3}.Release|Any CPU.ActiveCfg = Release|Any CPU
		{C36AB570-513E-4A55-95EE-EB2CF3167AA3}.Release|Any CPU.Build.0 = Release|Any CPU
		{C36AB570-513E-4A55-95EE-EB2CF3167AA3}.Release|Mixed Platforms.ActiveCfg = Release|Any CPU
		{C36AB570-513E-4A55-95EE-EB2CF3167AA3}.Release|Mixed Platforms.Build.0 = Release|Any CPU
		{C36AB570-513E-4A55-95EE-EB2CF3167AA3}.Release|x86.ActiveCfg = Release|Any CPU
		{596FC671-C650-461E-BB31-AC22D5C34FF4}.Automated|Any CPU.ActiveCfg = Release|Any CPU
		{596FC671-C650-461E-BB31-AC22D5C34FF4}.Automated|Any CPU.Build.0 = Release|Any CPU
		{596FC671-C650-461E-BB31-AC22D5C34FF4}.Automated|Mixed Platforms.ActiveCfg = Release|Any CPU
		{596FC671-C650-461E-BB31-AC22D5C34FF4}.Automated|Mixed Platforms.Build.0 = Release|Any CPU
		{596FC671-C650-461E-BB31-AC22D5C34FF4}.Automated|x86.ActiveCfg = Release|Any CPU
		{596FC671-C650-461E-BB31-AC22D5C34FF4}.Debug|Any CPU.ActiveCfg = Debug|Any CPU
		{596FC671-C650-461E-BB31-AC22D5C34FF4}.Debug|Any CPU.Build.0 = Debug|Any CPU
		{596FC671-C650-461E-BB31-AC22D5C34FF4}.Debug|Mixed Platforms.ActiveCfg = Debug|Any CPU
		{596FC671-C650-461E-BB31-AC22D5C34FF4}.Debug|Mixed Platforms.Build.0 = Debug|Any CPU
		{596FC671-C650-461E-BB31-AC22D5C34FF4}.Debug|x86.ActiveCfg = Debug|Any CPU
		{596FC671-C650-461E-BB31-AC22D5C34FF4}.Release|Any CPU.ActiveCfg = Release|Any CPU
		{596FC671-C650-461E-BB31-AC22D5C34FF4}.Release|Any CPU.Build.0 = Release|Any CPU
		{596FC671-C650-461E-BB31-AC22D5C34FF4}.Release|Mixed Platforms.ActiveCfg = Release|Any CPU
		{596FC671-C650-461E-BB31-AC22D5C34FF4}.Release|Mixed Platforms.Build.0 = Release|Any CPU
		{596FC671-C650-461E-BB31-AC22D5C34FF4}.Release|x86.ActiveCfg = Release|Any CPU
		{F5E5FEBC-4DC6-4289-BCBC-1A7D67151CDD}.Automated|Any CPU.ActiveCfg = Debug|Any CPU
		{F5E5FEBC-4DC6-4289-BCBC-1A7D67151CDD}.Automated|Any CPU.Build.0 = Debug|Any CPU
		{F5E5FEBC-4DC6-4289-BCBC-1A7D67151CDD}.Automated|Mixed Platforms.ActiveCfg = Release|Any CPU
		{F5E5FEBC-4DC6-4289-BCBC-1A7D67151CDD}.Automated|Mixed Platforms.Build.0 = Release|Any CPU
		{F5E5FEBC-4DC6-4289-BCBC-1A7D67151CDD}.Automated|x86.ActiveCfg = Release|Any CPU
		{F5E5FEBC-4DC6-4289-BCBC-1A7D67151CDD}.Debug|Any CPU.ActiveCfg = Debug|Any CPU
		{F5E5FEBC-4DC6-4289-BCBC-1A7D67151CDD}.Debug|Any CPU.Build.0 = Debug|Any CPU
		{F5E5FEBC-4DC6-4289-BCBC-1A7D67151CDD}.Debug|Mixed Platforms.ActiveCfg = Debug|Any CPU
		{F5E5FEBC-4DC6-4289-BCBC-1A7D67151CDD}.Debug|Mixed Platforms.Build.0 = Debug|Any CPU
		{F5E5FEBC-4DC6-4289-BCBC-1A7D67151CDD}.Debug|x86.ActiveCfg = Debug|Any CPU
		{F5E5FEBC-4DC6-4289-BCBC-1A7D67151CDD}.Release|Any CPU.ActiveCfg = Release|Any CPU
		{F5E5FEBC-4DC6-4289-BCBC-1A7D67151CDD}.Release|Any CPU.Build.0 = Release|Any CPU
		{F5E5FEBC-4DC6-4289-BCBC-1A7D67151CDD}.Release|Mixed Platforms.ActiveCfg = Release|Any CPU
		{F5E5FEBC-4DC6-4289-BCBC-1A7D67151CDD}.Release|Mixed Platforms.Build.0 = Release|Any CPU
		{F5E5FEBC-4DC6-4289-BCBC-1A7D67151CDD}.Release|x86.ActiveCfg = Release|Any CPU
		{EBD98958-5607-4D16-B828-732FC5D545C8}.Automated|Any CPU.ActiveCfg = Release|Any CPU
		{EBD98958-5607-4D16-B828-732FC5D545C8}.Automated|Any CPU.Build.0 = Release|Any CPU
		{EBD98958-5607-4D16-B828-732FC5D545C8}.Automated|Mixed Platforms.ActiveCfg = Release|Any CPU
		{EBD98958-5607-4D16-B828-732FC5D545C8}.Automated|Mixed Platforms.Build.0 = Release|Any CPU
		{EBD98958-5607-4D16-B828-732FC5D545C8}.Automated|x86.ActiveCfg = Release|Any CPU
		{EBD98958-5607-4D16-B828-732FC5D545C8}.Debug|Any CPU.ActiveCfg = Debug|Any CPU
		{EBD98958-5607-4D16-B828-732FC5D545C8}.Debug|Any CPU.Build.0 = Debug|Any CPU
		{EBD98958-5607-4D16-B828-732FC5D545C8}.Debug|Mixed Platforms.ActiveCfg = Debug|Any CPU
		{EBD98958-5607-4D16-B828-732FC5D545C8}.Debug|Mixed Platforms.Build.0 = Debug|Any CPU
		{EBD98958-5607-4D16-B828-732FC5D545C8}.Debug|x86.ActiveCfg = Debug|Any CPU
		{EBD98958-5607-4D16-B828-732FC5D545C8}.Release|Any CPU.ActiveCfg = Release|Any CPU
		{EBD98958-5607-4D16-B828-732FC5D545C8}.Release|Any CPU.Build.0 = Release|Any CPU
		{EBD98958-5607-4D16-B828-732FC5D545C8}.Release|Mixed Platforms.ActiveCfg = Release|Any CPU
		{EBD98958-5607-4D16-B828-732FC5D545C8}.Release|Mixed Platforms.Build.0 = Release|Any CPU
		{EBD98958-5607-4D16-B828-732FC5D545C8}.Release|x86.ActiveCfg = Release|Any CPU
		{4B76FC04-C981-4FA2-9B06-42B0B85E55A7}.Automated|Any CPU.ActiveCfg = Release|Any CPU
		{4B76FC04-C981-4FA2-9B06-42B0B85E55A7}.Automated|Any CPU.Build.0 = Release|Any CPU
		{4B76FC04-C981-4FA2-9B06-42B0B85E55A7}.Automated|Mixed Platforms.ActiveCfg = Release|Any CPU
		{4B76FC04-C981-4FA2-9B06-42B0B85E55A7}.Automated|Mixed Platforms.Build.0 = Release|Any CPU
		{4B76FC04-C981-4FA2-9B06-42B0B85E55A7}.Automated|x86.ActiveCfg = Release|Any CPU
		{4B76FC04-C981-4FA2-9B06-42B0B85E55A7}.Debug|Any CPU.ActiveCfg = Debug|Any CPU
		{4B76FC04-C981-4FA2-9B06-42B0B85E55A7}.Debug|Any CPU.Build.0 = Debug|Any CPU
		{4B76FC04-C981-4FA2-9B06-42B0B85E55A7}.Debug|Mixed Platforms.ActiveCfg = Debug|Any CPU
		{4B76FC04-C981-4FA2-9B06-42B0B85E55A7}.Debug|Mixed Platforms.Build.0 = Debug|Any CPU
		{4B76FC04-C981-4FA2-9B06-42B0B85E55A7}.Debug|x86.ActiveCfg = Debug|Any CPU
		{4B76FC04-C981-4FA2-9B06-42B0B85E55A7}.Release|Any CPU.ActiveCfg = Release|Any CPU
		{4B76FC04-C981-4FA2-9B06-42B0B85E55A7}.Release|Any CPU.Build.0 = Release|Any CPU
		{4B76FC04-C981-4FA2-9B06-42B0B85E55A7}.Release|Mixed Platforms.ActiveCfg = Release|Any CPU
		{4B76FC04-C981-4FA2-9B06-42B0B85E55A7}.Release|Mixed Platforms.Build.0 = Release|Any CPU
		{4B76FC04-C981-4FA2-9B06-42B0B85E55A7}.Release|x86.ActiveCfg = Release|Any CPU
		{CB19882D-323A-420C-A683-0AF19755D957}.Automated|Any CPU.ActiveCfg = Debug|Any CPU
		{CB19882D-323A-420C-A683-0AF19755D957}.Automated|Any CPU.Build.0 = Debug|Any CPU
		{CB19882D-323A-420C-A683-0AF19755D957}.Automated|Mixed Platforms.ActiveCfg = Release|Any CPU
		{CB19882D-323A-420C-A683-0AF19755D957}.Automated|Mixed Platforms.Build.0 = Release|Any CPU
		{CB19882D-323A-420C-A683-0AF19755D957}.Automated|x86.ActiveCfg = Release|Any CPU
		{CB19882D-323A-420C-A683-0AF19755D957}.Debug|Any CPU.ActiveCfg = Debug|Any CPU
		{CB19882D-323A-420C-A683-0AF19755D957}.Debug|Any CPU.Build.0 = Debug|Any CPU
		{CB19882D-323A-420C-A683-0AF19755D957}.Debug|Mixed Platforms.ActiveCfg = Debug|Any CPU
		{CB19882D-323A-420C-A683-0AF19755D957}.Debug|Mixed Platforms.Build.0 = Debug|Any CPU
		{CB19882D-323A-420C-A683-0AF19755D957}.Debug|x86.ActiveCfg = Debug|Any CPU
		{CB19882D-323A-420C-A683-0AF19755D957}.Release|Any CPU.ActiveCfg = Release|Any CPU
		{CB19882D-323A-420C-A683-0AF19755D957}.Release|Any CPU.Build.0 = Release|Any CPU
		{CB19882D-323A-420C-A683-0AF19755D957}.Release|Mixed Platforms.ActiveCfg = Release|Any CPU
		{CB19882D-323A-420C-A683-0AF19755D957}.Release|Mixed Platforms.Build.0 = Release|Any CPU
		{CB19882D-323A-420C-A683-0AF19755D957}.Release|x86.ActiveCfg = Release|Any CPU
		{663992B0-948A-4B8F-81D6-A6D3DD0D054F}.Automated|Any CPU.ActiveCfg = Debug|Any CPU
		{663992B0-948A-4B8F-81D6-A6D3DD0D054F}.Automated|Any CPU.Build.0 = Debug|Any CPU
		{663992B0-948A-4B8F-81D6-A6D3DD0D054F}.Automated|Mixed Platforms.ActiveCfg = Release|Any CPU
		{663992B0-948A-4B8F-81D6-A6D3DD0D054F}.Automated|Mixed Platforms.Build.0 = Release|Any CPU
		{663992B0-948A-4B8F-81D6-A6D3DD0D054F}.Automated|x86.ActiveCfg = Release|Any CPU
		{663992B0-948A-4B8F-81D6-A6D3DD0D054F}.Debug|Any CPU.ActiveCfg = Debug|Any CPU
		{663992B0-948A-4B8F-81D6-A6D3DD0D054F}.Debug|Any CPU.Build.0 = Debug|Any CPU
		{663992B0-948A-4B8F-81D6-A6D3DD0D054F}.Debug|Mixed Platforms.ActiveCfg = Debug|Any CPU
		{663992B0-948A-4B8F-81D6-A6D3DD0D054F}.Debug|Mixed Platforms.Build.0 = Debug|Any CPU
		{663992B0-948A-4B8F-81D6-A6D3DD0D054F}.Debug|x86.ActiveCfg = Debug|Any CPU
		{663992B0-948A-4B8F-81D6-A6D3DD0D054F}.Release|Any CPU.ActiveCfg = Release|Any CPU
		{663992B0-948A-4B8F-81D6-A6D3DD0D054F}.Release|Any CPU.Build.0 = Release|Any CPU
		{663992B0-948A-4B8F-81D6-A6D3DD0D054F}.Release|Mixed Platforms.ActiveCfg = Release|Any CPU
		{663992B0-948A-4B8F-81D6-A6D3DD0D054F}.Release|Mixed Platforms.Build.0 = Release|Any CPU
		{663992B0-948A-4B8F-81D6-A6D3DD0D054F}.Release|x86.ActiveCfg = Release|Any CPU
		{43909AD0-8D16-47DA-AB83-9D9871FF3492}.Automated|Any CPU.ActiveCfg = Release|x86
		{43909AD0-8D16-47DA-AB83-9D9871FF3492}.Automated|Mixed Platforms.ActiveCfg = Release|x86
		{43909AD0-8D16-47DA-AB83-9D9871FF3492}.Automated|Mixed Platforms.Build.0 = Release|x86
		{43909AD0-8D16-47DA-AB83-9D9871FF3492}.Automated|x86.ActiveCfg = Release|x86
		{43909AD0-8D16-47DA-AB83-9D9871FF3492}.Automated|x86.Build.0 = Release|x86
		{43909AD0-8D16-47DA-AB83-9D9871FF3492}.Debug|Any CPU.ActiveCfg = Debug|x86
		{43909AD0-8D16-47DA-AB83-9D9871FF3492}.Debug|Any CPU.Build.0 = Debug|x86
		{43909AD0-8D16-47DA-AB83-9D9871FF3492}.Debug|Mixed Platforms.ActiveCfg = Debug|x86
		{43909AD0-8D16-47DA-AB83-9D9871FF3492}.Debug|Mixed Platforms.Build.0 = Debug|x86
		{43909AD0-8D16-47DA-AB83-9D9871FF3492}.Debug|x86.ActiveCfg = Debug|x86
		{43909AD0-8D16-47DA-AB83-9D9871FF3492}.Debug|x86.Build.0 = Debug|x86
		{43909AD0-8D16-47DA-AB83-9D9871FF3492}.Release|Any CPU.ActiveCfg = Release|x86
		{43909AD0-8D16-47DA-AB83-9D9871FF3492}.Release|Mixed Platforms.ActiveCfg = Release|x86
		{43909AD0-8D16-47DA-AB83-9D9871FF3492}.Release|Mixed Platforms.Build.0 = Release|x86
		{43909AD0-8D16-47DA-AB83-9D9871FF3492}.Release|x86.ActiveCfg = Release|x86
		{43909AD0-8D16-47DA-AB83-9D9871FF3492}.Release|x86.Build.0 = Release|x86
	EndGlobalSection
	GlobalSection(SolutionProperties) = preSolution
		HideSolutionNode = FALSE
	EndGlobalSection
	GlobalSection(NestedProjects) = preSolution
		{C36AB570-513E-4A55-95EE-EB2CF3167AA3} = {7CE25F74-8939-4A9C-87EE-889F4CDA35FC}
		{F5E5FEBC-4DC6-4289-BCBC-1A7D67151CDD} = {7CE25F74-8939-4A9C-87EE-889F4CDA35FC}
		{CB19882D-323A-420C-A683-0AF19755D957} = {7CE25F74-8939-4A9C-87EE-889F4CDA35FC}
		{663992B0-948A-4B8F-81D6-A6D3DD0D054F} = {7CE25F74-8939-4A9C-87EE-889F4CDA35FC}
	EndGlobalSection
EndGlobal
